
Microsoft Visual Studio Solution File, Format Version 12.00
# Visual Studio 15
VisualStudioVersion = 15.0.28307.705
MinimumVisualStudioVersion = 10.0.40219.1
Project("{FAE04EC0-301F-11D3-BF4B-00C04F79EFBC}") = "TestAutomationSolutionNetCore", "TestAutomationSolutionNetCore\TestAutomationSolutionNetCore.csproj", "{0FB919D8-3695-46B5-B8AE-05DFCA203599}"
EndProject
Global
	GlobalSection(SolutionConfigurationPlatforms) = preSolution
		Debug|Any CPU = Debug|Any CPU
		Release|Any CPU = Release|Any CPU
	EndGlobalSection
	GlobalSection(ProjectConfigurationPlatforms) = postSolution
		{0FB919D8-3695-46B5-B8AE-05DFCA203599}.Debug|Any CPU.ActiveCfg = Debug|Any CPU
		{0FB919D8-3695-46B5-B8AE-05DFCA203599}.Debug|Any CPU.Build.0 = Debug|Any CPU
		{0FB919D8-3695-46B5-B8AE-05DFCA203599}.Release|Any CPU.ActiveCfg = Release|Any CPU
		{0FB919D8-3695-46B5-B8AE-05DFCA203599}.Release|Any CPU.Build.0 = Release|Any CPU
	EndGlobalSection
	GlobalSection(SolutionProperties) = preSolution
		HideSolutionNode = FALSE
	EndGlobalSection
	GlobalSection(ExtensibilityGlobals) = postSolution
		SolutionGuid = {78379A28-439F-4AF6-8D23-4CC4C42DA702}
	EndGlobalSection
EndGlobal
